{
  "name": "@dotdo/rpc",
  "version": "0.1.0",
  "lockfileVersion": 3,
  "requires": true,
  "packages": {
    "": {
      "name": "@dotdo/rpc",
      "version": "0.1.0",
      "dependencies": {
        "capnweb": "^0.4.0",
        "hono": "^4.7.0",
        "zod": "^4.3.5"
      },
      "devDependencies": {
        "typescript": "^5.7.0"
      }
    },
    "node_modules/capnweb": {
      "version": "0.4.0",
      "resolved": "https://registry.npmjs.org/capnweb/-/capnweb-0.4.0.tgz",
      "integrity": "sha512-OgqPQcxnrAIqjrkAuwI4N9MP/mzseM5w9oLWb/oU63KveBJl1c8p41etLSVQUlYFiAYZu+h6/LJxKaDJd93xFw==",
      "license": "MIT"
    },
    "node_modules/hono": {
      "version": "4.11.4",
      "resolved": "https://registry.npmjs.org/hono/-/hono-4.11.4.tgz",
      "integrity": "sha512-U7tt8JsyrxSRKspfhtLET79pU8K+tInj5QZXs1jSugO1Vq5dFj3kmZsRldo29mTBfcjDRVRXrEZ6LS63Cog9ZA==",
      "license": "MIT",
      "engines": {
        "node": ">=16.9.0"
      }
    },
    "node_modules/typescript": {
      "version": "5.9.3",
      "resolved": "https://registry.npmjs.org/typescript/-/typescript-5.9.3.tgz",
      "integrity": "sha512-jl1vZzPDinLr9eUt3J/t7V6FgNEw9QjvBPdysz9KfQDD41fQrC2Y4vKQdiaUpFT4bXlb1RHhLpp8wtm6M5TgSw==",
      "dev": true,
      "license": "Apache-2.0",
      "bin": {
        "tsc": "bin/tsc",
        "tsserver": "bin/tsserver"
      },
      "engines": {
        "node": ">=14.17"
      }
    },
    "node_modules/zod": {
      "version": "4.3.5",
      "resolved": "https://registry.npmjs.org/zod/-/zod-4.3.5.tgz",
      "integrity": "sha512-k7Nwx6vuWx1IJ9Bjuf4Zt1PEllcwe7cls3VNzm4CQ1/hgtFUK2bRNG3rvnpPUhFjmqJKAKtjV576KnUkHocg/g==",
      "license": "MIT",
      "funding": {
        "url": "https://github.com/sponsors/colinhacks"
      }
    }
  }
}
